{
  "requires": true,
  "lockfileVersion": 1,
  "dependencies": {
    "@intlify/core-base": {
      "version": "9.7.1",
      "resolved": "https://registry.npmmirror.com/@intlify/core-base/-/core-base-9.7.1.tgz",
      "integrity": "sha512-jPJTeECEhqQ7g//8g3Fb79j5SzSSRqlFCWD6pcX94uMLXU+L1m07gVZnnvzoJBnaMyJHiiwxOqZVfvu6rQfLvw==",
      "requires": {
        "@intlify/message-compiler": "9.7.1",
        "@intlify/shared": "9.7.1"
      }
    },
    "@intlify/message-compiler": {
      "version": "9.7.1",
      "resolved": "https://registry.npmmirror.com/@intlify/message-compiler/-/message-compiler-9.7.1.tgz",
      "integrity": "sha512-HfIr2Hn/K7b0Zv4kGqkxAxwtipyxAwhI9a3krN5cuhH/G9gkaik7of1PdzjR3Mix43t2onBiKYQyaU7mo7e0aA==",
      "requires": {
        "@intlify/shared": "9.7.1",
        "source-map-js": "^1.0.2"
      }
    },
    "@intlify/shared": {
      "version": "9.7.1",
      "resolved": "https://registry.npmmirror.com/@intlify/shared/-/shared-9.7.1.tgz",
      "integrity": "sha512-CBKnHzlUYGrk5QII9q4nElAQKO5cX1rRx8VmSWXltyOZjbkGHXYQTHULn6KwRi+CypuBCfmPkyPBHMzosypIeg=="
    },
    "@vue/devtools-api": {
      "version": "6.5.1",
      "resolved": "https://registry.npmmirror.com/@vue/devtools-api/-/devtools-api-6.5.1.tgz",
      "integrity": "sha512-+KpckaAQyfbvshdDW5xQylLni1asvNSGme1JFs8I1+/H5pHEhqUKMEQD/qn3Nx5+/nycBq11qAEi8lk+LXI2dA=="
    },
    "source-map-js": {
      "version": "1.0.2",
      "resolved": "https://registry.npmmirror.com/source-map-js/-/source-map-js-1.0.2.tgz",
      "integrity": "sha512-R0XvVJ9WusLiqTCEiGCmICCMplcCkIwwR11mOSD9CR5u+IXYdiseeEuXCVAjS54zqwkLcPNnmU4OeJ6tUrWhDw=="
    },
    "vue-i18n": {
      "version": "9.7.1",
      "resolved": "https://registry.npmmirror.com/vue-i18n/-/vue-i18n-9.7.1.tgz",
      "integrity": "sha512-A6DzWqJQMdzBj+392+g3zIgGV0FnFC7o/V+txs5yIALANEZzY6ZV8hM2wvZR3nTbQI7dntAmzBHMeoEteJO0kQ==",
      "requires": {
        "@intlify/core-base": "9.7.1",
        "@intlify/shared": "9.7.1",
        "@vue/devtools-api": "^6.5.0"
      }
    }
  }
}
