# THIS IS AN AUTOGENERATED FILE. DO NOT EDIT THIS FILE DIRECTLY.
# yarn lockfile v1


"@intlify/core-base@9.9.0":
  version "9.9.0"
  resolved "https://registry.yarnpkg.com/@intlify/core-base/-/core-base-9.9.0.tgz#edc55a5e3dbbf8dbbbf656529ed27832c4c4f522"
  integrity sha512-C7UXPymDIOlMGSNjAhNLtKgzITc/8BjINK5gNKXg8GiWCTwL6n3MWr55czksxn8RM5wTMz0qcLOFT+adtaVQaA==
  dependencies:
    "@intlify/message-compiler" "9.9.0"
    "@intlify/shared" "9.9.0"

"@intlify/message-compiler@9.9.0":
  version "9.9.0"
  resolved "https://registry.yarnpkg.com/@intlify/message-compiler/-/message-compiler-9.9.0.tgz#7952759329e7af0388afbce7a984820bbeff82eb"
  integrity sha512-yDU/jdUm9KuhEzYfS+wuyja209yXgdl1XFhMlKtXEgSFTxz4COZQCRXXbbH8JrAjMsaJ7bdoPSLsKlY6mXG2iA==
  dependencies:
    "@intlify/shared" "9.9.0"
    source-map-js "^1.0.2"

"@intlify/shared@9.9.0":
  version "9.9.0"
  resolved "https://registry.yarnpkg.com/@intlify/shared/-/shared-9.9.0.tgz#56907633c0f7b2d50f53269d31e88e7b24d39187"
  integrity sha512-1ECUyAHRrzOJbOizyGufYP2yukqGrWXtkmTu4PcswVnWbkcjzk3YQGmJ0bLkM7JZ0ZYAaohLGdYvBYnTOGYJ9g==

"@vue/devtools-api@^6.5.0":
  version "6.5.1"
  resolved "https://registry.yarnpkg.com/@vue/devtools-api/-/devtools-api-6.5.1.tgz#7f71f31e40973eeee65b9a64382b13593fdbd697"
  integrity sha512-+KpckaAQyfbvshdDW5xQylLni1asvNSGme1JFs8I1+/H5pHEhqUKMEQD/qn3Nx5+/nycBq11qAEi8lk+LXI2dA==

crypto-js@^4.2.0:
  version "4.2.0"
  resolved "https://registry.yarnpkg.com/crypto-js/-/crypto-js-4.2.0.tgz#4d931639ecdfd12ff80e8186dba6af2c2e856631"
  integrity sha512-KALDyEYgpY+Rlob/iriUtjV6d5Eq+Y191A5g4UqLAi8CyGP9N1+FdVbkc1SxKc2r4YAYqG8JzO2KGL+AizD70Q==

source-map-js@^1.0.2:
  version "1.0.2"
  resolved "https://registry.yarnpkg.com/source-map-js/-/source-map-js-1.0.2.tgz#adbc361d9c62df380125e7f161f71c826f1e490c"
  integrity sha512-R0XvVJ9WusLiqTCEiGCmICCMplcCkIwwR11mOSD9CR5u+IXYdiseeEuXCVAjS54zqwkLcPNnmU4OeJ6tUrWhDw==

vue-i18n@^9.7.1:
  version "9.9.0"
  resolved "https://registry.yarnpkg.com/vue-i18n/-/vue-i18n-9.9.0.tgz#20d348fa7e37fc88e4c84f69781b2f1215c7769f"
  integrity sha512-xQ5SxszUAqK5n84N+uUyHH/PiQl9xZ24FOxyAaNonmOQgXeN+rD9z/6DStOpOxNFQn4Cgcquot05gZc+CdOujA==
  dependencies:
    "@intlify/core-base" "9.9.0"
    "@intlify/shared" "9.9.0"
    "@vue/devtools-api" "^6.5.0"
